// !$*UTF8*$!
{
	archiveVersion = 1;
	classes = {
	};
	objectVersion = 77;
	objects = {

/* Begin PBXBuildFile section */
		337F26B92DDCF4780031DF49 /* ClubSortView.swift in Sources */ = {isa = PBXBuildFile; fileRef = 337F26B82DDCF4610031DF49 /* ClubSortView.swift */; };
		3384D83D2DD4D893003D2E1C /* SearchModel.swift in Sources */ = {isa = PBXBuildFile; fileRef = 3384D83C2DD4D88E003D2E1C /* SearchModel.swift */; };
		3384D83F2DD4DC1B003D2E1C /* SearchTableViewCell.swift in Sources */ = {isa = PBXBuildFile; fileRef = 3384D83E2DD4DC0B003D2E1C /* SearchTableViewCell.swift */; };
		3384D89B2DD4EAFB003D2E1C /* SearchResultViewController.swift in Sources */ = {isa = PBXBuildFile; fileRef = 3384D89A2DD4EAF1003D2E1C /* SearchResultViewController.swift */; };
		33B010D22DD60F450081CB8E /* SearchViewController.swift in Sources */ = {isa = PBXBuildFile; fileRef = 33B010D12DD60F450081CB8E /* SearchViewController.swift */; };
		33B010D42DD656DA0081CB8E /* RecentSearchView.swift in Sources */ = {isa = PBXBuildFile; fileRef = 33B010D32DD611820081CB8E /* RecentSearchView.swift */; };
		33B010D82DD658F80081CB8E /* RegionType.swift in Sources */ = {isa = PBXBuildFile; fileRef = 33B010D72DD658F20081CB8E /* RegionType.swift */; };
		33B010DA2DD65B7D0081CB8E /* DayType.swift in Sources */ = {isa = PBXBuildFile; fileRef = 33B010D92DD65B740081CB8E /* DayType.swift */; };
		33B010DC2DD65D490081CB8E /* DeadlineType.swift in Sources */ = {isa = PBXBuildFile; fileRef = 33B010DB2DD65D420081CB8E /* DeadlineType.swift */; };
		33B010DE2DD67B9D0081CB8E /* RecentSearchCollectionViewCell.swift in Sources */ = {isa = PBXBuildFile; fileRef = 33B010DD2DD67B930081CB8E /* RecentSearchCollectionViewCell.swift */; };
		33B010E02DD67BB40081CB8E /* PopularSearchCollectionViewCell.swift in Sources */ = {isa = PBXBuildFile; fileRef = 33B010DF2DD67BA50081CB8E /* PopularSearchCollectionViewCell.swift */; };
		33B010E22DD68FB50081CB8E /* PopularSearchView.swift in Sources */ = {isa = PBXBuildFile; fileRef = 33B010E12DD68FAE0081CB8E /* PopularSearchView.swift */; };
		33B010E42DD695420081CB8E /* SearchFilterModalViewController.swift in Sources */ = {isa = PBXBuildFile; fileRef = 33B010E32DD6950B0081CB8E /* SearchFilterModalViewController.swift */; };
		33B010E62DD6968E0081CB8E /* SearchSortModalViewController.swift in Sources */ = {isa = PBXBuildFile; fileRef = 33B010E52DD696740081CB8E /* SearchSortModalViewController.swift */; };
		33B010E82DD697E40081CB8E /* SortOptionTableViewCell.swift in Sources */ = {isa = PBXBuildFile; fileRef = 33B010E72DD697D60081CB8E /* SortOptionTableViewCell.swift */; };
		33B010EB2DD6E8500081CB8E /* FilterCollectionViewCell.swift in Sources */ = {isa = PBXBuildFile; fileRef = 33B010EA2DD6E8470081CB8E /* FilterCollectionViewCell.swift */; };
		33B010ED2DD6EA8A0081CB8E /* FilterView.swift in Sources */ = {isa = PBXBuildFile; fileRef = 33B010EC2DD6EA790081CB8E /* FilterView.swift */; };
		33B010F32DD6FA290081CB8E /* LeftAlignedCollectionViewFlowLayout.swift in Sources */ = {isa = PBXBuildFile; fileRef = 33B010F22DD6FA290081CB8E /* LeftAlignedCollectionViewFlowLayout.swift */; };
		33B383792DDE1435008A1079 /* SearchClubResponseDTO.swift in Sources */ = {isa = PBXBuildFile; fileRef = 33B383782DDE142A008A1079 /* SearchClubResponseDTO.swift */; };
		6C231A0A2DD39BC600C5F0E8 /* ClubHeaderView.swift in Sources */ = {isa = PBXBuildFile; fileRef = 6C231A092DD39BC600C5F0E8 /* ClubHeaderView.swift */; };
		6C231A102DD3B77B00C5F0E8 /* CategoryType.swift in Sources */ = {isa = PBXBuildFile; fileRef = 6C231A0F2DD3B77B00C5F0E8 /* CategoryType.swift */; };
		6C231A142DD3B9F500C5F0E8 /* HeaderCategoryCollectionViewCell.swift in Sources */ = {isa = PBXBuildFile; fileRef = 6C231A132DD3B9F500C5F0E8 /* HeaderCategoryCollectionViewCell.swift */; };
		6C231A162DD3CAB900C5F0E8 /* PopularView.swift in Sources */ = {isa = PBXBuildFile; fileRef = 6C231A152DD3CAB900C5F0E8 /* PopularView.swift */; };
		6C231A182DD3CDA200C5F0E8 /* RankingView.swift in Sources */ = {isa = PBXBuildFile; fileRef = 6C231A172DD3CDA200C5F0E8 /* RankingView.swift */; };
		6C231A1A2DD3D0A400C5F0E8 /* FindClubView.swift in Sources */ = {isa = PBXBuildFile; fileRef = 6C231A192DD3D0A400C5F0E8 /* FindClubView.swift */; };
		6C3688022DD7078500DE281C /* ClubRankingCell.swift in Sources */ = {isa = PBXBuildFile; fileRef = 6C3688012DD7078500DE281C /* ClubRankingCell.swift */; };
		6C3688082DD7086000DE281C /* ClubHeaderType.swift in Sources */ = {isa = PBXBuildFile; fileRef = 6C3688062DD7086000DE281C /* ClubHeaderType.swift */; };
		6C36880A2DD709A500DE281C /* ClubRankingModel.swift in Sources */ = {isa = PBXBuildFile; fileRef = 6C3688092DD709A500DE281C /* ClubRankingModel.swift */; };
		6C511E3F2DCCBC6E00DD3A53 /* SceneDelegate.swift in Sources */ = {isa = PBXBuildFile; fileRef = 6C511E3B2DCCBC6E00DD3A53 /* SceneDelegate.swift */; };
		6C511E402DCCBC6E00DD3A53 /* ViewController.swift in Sources */ = {isa = PBXBuildFile; fileRef = 6C511E3C2DCCBC6E00DD3A53 /* ViewController.swift */; };
		6C511E412DCCBC6E00DD3A53 /* Assets.xcassets in Resources */ = {isa = PBXBuildFile; fileRef = 6C511E372DCCBC6E00DD3A53 /* Assets.xcassets */; };
		6C511E432DCCBC6E00DD3A53 /* LaunchScreen.storyboard in Resources */ = {isa = PBXBuildFile; fileRef = 6C511E3A2DCCBC6E00DD3A53 /* LaunchScreen.storyboard */; };
		6C511E472DCCE36100DD3A53 /* AppDelegate.swift in Sources */ = {isa = PBXBuildFile; fileRef = 6C511E452DCCE36100DD3A53 /* AppDelegate.swift */; };
		6C511F232DCCE56500DD3A53 /* UICollectionViewCell+.swift in Sources */ = {isa = PBXBuildFile; fileRef = 6C511F222DCCE56500DD3A53 /* UICollectionViewCell+.swift */; };
		6C511F252DCCE59500DD3A53 /* UIStackView+.swift in Sources */ = {isa = PBXBuildFile; fileRef = 6C511F242DCCE59500DD3A53 /* UIStackView+.swift */; };
		6C511F272DCCE5C500DD3A53 /* UITableViewCell+.swift in Sources */ = {isa = PBXBuildFile; fileRef = 6C511F262DCCE5C500DD3A53 /* UITableViewCell+.swift */; };
		6C511F292DCCE5D900DD3A53 /* UIView+.swift in Sources */ = {isa = PBXBuildFile; fileRef = 6C511F282DCCE5D900DD3A53 /* UIView+.swift */; };
		6C9944052DD0EBFE0016BF5B /* Pretendard-SemiBold.otf in Resources */ = {isa = PBXBuildFile; fileRef = 6C9944042DD0EBFE0016BF5B /* Pretendard-SemiBold.otf */; };
		6C9944062DD0EBFE0016BF5B /* Pretendard-Medium.otf in Resources */ = {isa = PBXBuildFile; fileRef = 6C9944022DD0EBFE0016BF5B /* Pretendard-Medium.otf */; };
		6C9944072DD0EBFE0016BF5B /* Pretendard-Regular.otf in Resources */ = {isa = PBXBuildFile; fileRef = 6C9944032DD0EBFE0016BF5B /* Pretendard-Regular.otf */; };
		6C9944082DD0EBFE0016BF5B /* Pretendard-Bold.otf in Resources */ = {isa = PBXBuildFile; fileRef = 6C9944012DD0EBFE0016BF5B /* Pretendard-Bold.otf */; };
		6C99440A2DD0ED830016BF5B /* UIFont+.swift in Sources */ = {isa = PBXBuildFile; fileRef = 6C9944092DD0ED830016BF5B /* UIFont+.swift */; };
		6C9944CB2DD0F1570016BF5B /* NSAttributedString+.swift in Sources */ = {isa = PBXBuildFile; fileRef = 6C9944CA2DD0F1570016BF5B /* NSAttributedString+.swift */; };
		6C9944CE2DD0F2A00016BF5B /* SnapKit in Frameworks */ = {isa = PBXBuildFile; productRef = 6C9944CD2DD0F2A00016BF5B /* SnapKit */; };
		6C9944D12DD0F2AA0016BF5B /* Then in Frameworks */ = {isa = PBXBuildFile; productRef = 6C9944D02DD0F2AA0016BF5B /* Then */; };
		6CB65AC12DDB915E00AD9BD1 /* Config.xcconfig in Resources */ = {isa = PBXBuildFile; fileRef = 6CB65AC02DDB915E00AD9BD1 /* Config.xcconfig */; };
		6CB65AC52DDB92BA00AD9BD1 /* NetworkError.swift in Sources */ = {isa = PBXBuildFile; fileRef = 6CB65AC42DDB92BA00AD9BD1 /* NetworkError.swift */; };
		6CB65AC72DDB933100AD9BD1 /* BaseResponseDTO.swift in Sources */ = {isa = PBXBuildFile; fileRef = 6CB65AC62DDB933100AD9BD1 /* BaseResponseDTO.swift */; };
		6CB65AC92DDB93B100AD9BD1 /* ErrorResponseDTO.swift in Sources */ = {isa = PBXBuildFile; fileRef = 6CB65AC82DDB93B100AD9BD1 /* ErrorResponseDTO.swift */; };
		6CB65ACB2DDB9C6300AD9BD1 /* BaseService.swift in Sources */ = {isa = PBXBuildFile; fileRef = 6CB65ACA2DDB9C6300AD9BD1 /* BaseService.swift */; };
		6CB65ACD2DDB9DAB00AD9BD1 /* BaseTargetType.swift in Sources */ = {isa = PBXBuildFile; fileRef = 6CB65ACC2DDB9DAB00AD9BD1 /* BaseTargetType.swift */; };
		6CB65AD12DDB9F4600AD9BD1 /* NetworkService.swift in Sources */ = {isa = PBXBuildFile; fileRef = 6CB65AD02DDB9F4600AD9BD1 /* NetworkService.swift */; };
		6CB65AD72DDBA68000AD9BD1 /* ClubAPI.swift in Sources */ = {isa = PBXBuildFile; fileRef = 6CB65AD62DDBA68000AD9BD1 /* ClubAPI.swift */; };
		6CB65AD92DDBA68B00AD9BD1 /* ClubService.swift in Sources */ = {isa = PBXBuildFile; fileRef = 6CB65AD82DDBA68B00AD9BD1 /* ClubService.swift */; };
		6CB65ADB2DDBA79300AD9BD1 /* HTTPMethodType.swift in Sources */ = {isa = PBXBuildFile; fileRef = 6CB65ADA2DDBA79300AD9BD1 /* HTTPMethodType.swift */; };
		6CB65AE12DDBAEE000AD9BD1 /* ClubRankingResponseDTO.swift in Sources */ = {isa = PBXBuildFile; fileRef = 6CB65AE02DDBAEE000AD9BD1 /* ClubRankingResponseDTO.swift */; };
		6CD0A8612DD39AAF0063D041 /* ClubViewController.swift in Sources */ = {isa = PBXBuildFile; fileRef = 6CD0A8602DD39AAF0063D041 /* ClubViewController.swift */; };
/* End PBXBuildFile section */

/* Begin PBXFileReference section */
		337F26B82DDCF4610031DF49 /* ClubSortView.swift */ = {isa = PBXFileReference; lastKnownFileType = sourcecode.swift; path = ClubSortView.swift; sourceTree = "<group>"; };
		3384D83C2DD4D88E003D2E1C /* SearchModel.swift */ = {isa = PBXFileReference; lastKnownFileType = sourcecode.swift; path = SearchModel.swift; sourceTree = "<group>"; };
		3384D83E2DD4DC0B003D2E1C /* SearchTableViewCell.swift */ = {isa = PBXFileReference; lastKnownFileType = sourcecode.swift; path = SearchTableViewCell.swift; sourceTree = "<group>"; };
		3384D89A2DD4EAF1003D2E1C /* SearchResultViewController.swift */ = {isa = PBXFileReference; lastKnownFileType = sourcecode.swift; path = SearchResultViewController.swift; sourceTree = "<group>"; };
		33B010D12DD60F450081CB8E /* SearchViewController.swift */ = {isa = PBXFileReference; lastKnownFileType = sourcecode.swift; path = SearchViewController.swift; sourceTree = "<group>"; };
		33B010D32DD611820081CB8E /* RecentSearchView.swift */ = {isa = PBXFileReference; lastKnownFileType = sourcecode.swift; path = RecentSearchView.swift; sourceTree = "<group>"; };
		33B010D72DD658F20081CB8E /* RegionType.swift */ = {isa = PBXFileReference; lastKnownFileType = sourcecode.swift; path = RegionType.swift; sourceTree = "<group>"; };
		33B010D92DD65B740081CB8E /* DayType.swift */ = {isa = PBXFileReference; lastKnownFileType = sourcecode.swift; path = DayType.swift; sourceTree = "<group>"; };
		33B010DB2DD65D420081CB8E /* DeadlineType.swift */ = {isa = PBXFileReference; lastKnownFileType = sourcecode.swift; path = DeadlineType.swift; sourceTree = "<group>"; };
		33B010DD2DD67B930081CB8E /* RecentSearchCollectionViewCell.swift */ = {isa = PBXFileReference; lastKnownFileType = sourcecode.swift; path = RecentSearchCollectionViewCell.swift; sourceTree = "<group>"; };
		33B010DF2DD67BA50081CB8E /* PopularSearchCollectionViewCell.swift */ = {isa = PBXFileReference; lastKnownFileType = sourcecode.swift; path = PopularSearchCollectionViewCell.swift; sourceTree = "<group>"; };
		33B010E12DD68FAE0081CB8E /* PopularSearchView.swift */ = {isa = PBXFileReference; lastKnownFileType = sourcecode.swift; path = PopularSearchView.swift; sourceTree = "<group>"; };
		33B010E32DD6950B0081CB8E /* SearchFilterModalViewController.swift */ = {isa = PBXFileReference; lastKnownFileType = sourcecode.swift; path = SearchFilterModalViewController.swift; sourceTree = "<group>"; };
		33B010E52DD696740081CB8E /* SearchSortModalViewController.swift */ = {isa = PBXFileReference; lastKnownFileType = sourcecode.swift; path = SearchSortModalViewController.swift; sourceTree = "<group>"; };
		33B010E72DD697D60081CB8E /* SortOptionTableViewCell.swift */ = {isa = PBXFileReference; lastKnownFileType = sourcecode.swift; path = SortOptionTableViewCell.swift; sourceTree = "<group>"; };
		33B010EA2DD6E8470081CB8E /* FilterCollectionViewCell.swift */ = {isa = PBXFileReference; lastKnownFileType = sourcecode.swift; path = FilterCollectionViewCell.swift; sourceTree = "<group>"; };
		33B010EC2DD6EA790081CB8E /* FilterView.swift */ = {isa = PBXFileReference; lastKnownFileType = sourcecode.swift; path = FilterView.swift; sourceTree = "<group>"; };
		33B010F22DD6FA290081CB8E /* LeftAlignedCollectionViewFlowLayout.swift */ = {isa = PBXFileReference; lastKnownFileType = sourcecode.swift; path = LeftAlignedCollectionViewFlowLayout.swift; sourceTree = "<group>"; };
		33B383782DDE142A008A1079 /* SearchClubResponseDTO.swift */ = {isa = PBXFileReference; lastKnownFileType = sourcecode.swift; path = SearchClubResponseDTO.swift; sourceTree = "<group>"; };
		6C231A092DD39BC600C5F0E8 /* ClubHeaderView.swift */ = {isa = PBXFileReference; lastKnownFileType = sourcecode.swift; path = ClubHeaderView.swift; sourceTree = "<group>"; };
		6C231A0F2DD3B77B00C5F0E8 /* CategoryType.swift */ = {isa = PBXFileReference; lastKnownFileType = sourcecode.swift; path = CategoryType.swift; sourceTree = "<group>"; };
		6C231A132DD3B9F500C5F0E8 /* HeaderCategoryCollectionViewCell.swift */ = {isa = PBXFileReference; lastKnownFileType = sourcecode.swift; path = HeaderCategoryCollectionViewCell.swift; sourceTree = "<group>"; };
		6C231A152DD3CAB900C5F0E8 /* PopularView.swift */ = {isa = PBXFileReference; lastKnownFileType = sourcecode.swift; path = PopularView.swift; sourceTree = "<group>"; };
		6C231A172DD3CDA200C5F0E8 /* RankingView.swift */ = {isa = PBXFileReference; lastKnownFileType = sourcecode.swift; path = RankingView.swift; sourceTree = "<group>"; };
		6C231A192DD3D0A400C5F0E8 /* FindClubView.swift */ = {isa = PBXFileReference; lastKnownFileType = sourcecode.swift; path = FindClubView.swift; sourceTree = "<group>"; };
		6C3688012DD7078500DE281C /* ClubRankingCell.swift */ = {isa = PBXFileReference; lastKnownFileType = sourcecode.swift; path = ClubRankingCell.swift; sourceTree = "<group>"; };
		6C3688062DD7086000DE281C /* ClubHeaderType.swift */ = {isa = PBXFileReference; lastKnownFileType = sourcecode.swift; path = ClubHeaderType.swift; sourceTree = "<group>"; };
		6C3688092DD709A500DE281C /* ClubRankingModel.swift */ = {isa = PBXFileReference; lastKnownFileType = sourcecode.swift; path = ClubRankingModel.swift; sourceTree = "<group>"; };
		6C511E0E2DCCBBB100DD3A53 /* 36-COLLABORATION-iOS-CAMPUSPICK.app */ = {isa = PBXFileReference; explicitFileType = wrapper.application; includeInIndex = 0; path = "36-COLLABORATION-iOS-CAMPUSPICK.app"; sourceTree = BUILT_PRODUCTS_DIR; };
		6C511E372DCCBC6E00DD3A53 /* Assets.xcassets */ = {isa = PBXFileReference; lastKnownFileType = folder.assetcatalog; path = Assets.xcassets; sourceTree = "<group>"; };
		6C511E382DCCBC6E00DD3A53 /* Info.plist */ = {isa = PBXFileReference; lastKnownFileType = text.plist.xml; path = Info.plist; sourceTree = "<group>"; };
		6C511E392DCCBC6E00DD3A53 /* Base */ = {isa = PBXFileReference; lastKnownFileType = file.storyboard; name = Base; path = Base.lproj/LaunchScreen.storyboard; sourceTree = "<group>"; };
		6C511E3B2DCCBC6E00DD3A53 /* SceneDelegate.swift */ = {isa = PBXFileReference; lastKnownFileType = sourcecode.swift; path = SceneDelegate.swift; sourceTree = "<group>"; };
		6C511E3C2DCCBC6E00DD3A53 /* ViewController.swift */ = {isa = PBXFileReference; lastKnownFileType = sourcecode.swift; path = ViewController.swift; sourceTree = "<group>"; };
		6C511E452DCCE36100DD3A53 /* AppDelegate.swift */ = {isa = PBXFileReference; lastKnownFileType = sourcecode.swift; path = AppDelegate.swift; sourceTree = "<group>"; };
		6C511F222DCCE56500DD3A53 /* UICollectionViewCell+.swift */ = {isa = PBXFileReference; lastKnownFileType = sourcecode.swift; path = "UICollectionViewCell+.swift"; sourceTree = "<group>"; };
		6C511F242DCCE59500DD3A53 /* UIStackView+.swift */ = {isa = PBXFileReference; lastKnownFileType = sourcecode.swift; path = "UIStackView+.swift"; sourceTree = "<group>"; };
		6C511F262DCCE5C500DD3A53 /* UITableViewCell+.swift */ = {isa = PBXFileReference; lastKnownFileType = sourcecode.swift; path = "UITableViewCell+.swift"; sourceTree = "<group>"; };
		6C511F282DCCE5D900DD3A53 /* UIView+.swift */ = {isa = PBXFileReference; lastKnownFileType = sourcecode.swift; path = "UIView+.swift"; sourceTree = "<group>"; };
		6C9944012DD0EBFE0016BF5B /* Pretendard-Bold.otf */ = {isa = PBXFileReference; lastKnownFileType = file; path = "Pretendard-Bold.otf"; sourceTree = "<group>"; };
		6C9944022DD0EBFE0016BF5B /* Pretendard-Medium.otf */ = {isa = PBXFileReference; lastKnownFileType = file; path = "Pretendard-Medium.otf"; sourceTree = "<group>"; };
		6C9944032DD0EBFE0016BF5B /* Pretendard-Regular.otf */ = {isa = PBXFileReference; lastKnownFileType = file; path = "Pretendard-Regular.otf"; sourceTree = "<group>"; };
		6C9944042DD0EBFE0016BF5B /* Pretendard-SemiBold.otf */ = {isa = PBXFileReference; lastKnownFileType = file; path = "Pretendard-SemiBold.otf"; sourceTree = "<group>"; };
		6C9944092DD0ED830016BF5B /* UIFont+.swift */ = {isa = PBXFileReference; lastKnownFileType = sourcecode.swift; path = "UIFont+.swift"; sourceTree = "<group>"; };
		6C9944CA2DD0F1570016BF5B /* NSAttributedString+.swift */ = {isa = PBXFileReference; lastKnownFileType = sourcecode.swift; path = "NSAttributedString+.swift"; sourceTree = "<group>"; };
		6CB65AC02DDB915E00AD9BD1 /* Config.xcconfig */ = {isa = PBXFileReference; lastKnownFileType = text.xcconfig; path = Config.xcconfig; sourceTree = "<group>"; };
		6CB65AC42DDB92BA00AD9BD1 /* NetworkError.swift */ = {isa = PBXFileReference; lastKnownFileType = sourcecode.swift; path = NetworkError.swift; sourceTree = "<group>"; };
		6CB65AC62DDB933100AD9BD1 /* BaseResponseDTO.swift */ = {isa = PBXFileReference; lastKnownFileType = sourcecode.swift; path = BaseResponseDTO.swift; sourceTree = "<group>"; };
		6CB65AC82DDB93B100AD9BD1 /* ErrorResponseDTO.swift */ = {isa = PBXFileReference; lastKnownFileType = sourcecode.swift; path = ErrorResponseDTO.swift; sourceTree = "<group>"; };
		6CB65ACA2DDB9C6300AD9BD1 /* BaseService.swift */ = {isa = PBXFileReference; lastKnownFileType = sourcecode.swift; path = BaseService.swift; sourceTree = "<group>"; };
		6CB65ACC2DDB9DAB00AD9BD1 /* BaseTargetType.swift */ = {isa = PBXFileReference; lastKnownFileType = sourcecode.swift; path = BaseTargetType.swift; sourceTree = "<group>"; };
		6CB65AD02DDB9F4600AD9BD1 /* NetworkService.swift */ = {isa = PBXFileReference; lastKnownFileType = sourcecode.swift; path = NetworkService.swift; sourceTree = "<group>"; };
		6CB65AD62DDBA68000AD9BD1 /* ClubAPI.swift */ = {isa = PBXFileReference; lastKnownFileType = sourcecode.swift; path = ClubAPI.swift; sourceTree = "<group>"; };
		6CB65AD82DDBA68B00AD9BD1 /* ClubService.swift */ = {isa = PBXFileReference; lastKnownFileType = sourcecode.swift; path = ClubService.swift; sourceTree = "<group>"; };
		6CB65ADA2DDBA79300AD9BD1 /* HTTPMethodType.swift */ = {isa = PBXFileReference; lastKnownFileType = sourcecode.swift; path = HTTPMethodType.swift; sourceTree = "<group>"; };
		6CB65AE02DDBAEE000AD9BD1 /* ClubRankingResponseDTO.swift */ = {isa = PBXFileReference; lastKnownFileType = sourcecode.swift; path = ClubRankingResponseDTO.swift; sourceTree = "<group>"; };
		6CD0A8602DD39AAF0063D041 /* ClubViewController.swift */ = {isa = PBXFileReference; lastKnownFileType = sourcecode.swift; path = ClubViewController.swift; sourceTree = "<group>"; };
/* End PBXFileReference section */

/* Begin PBXFrameworksBuildPhase section */
		6C511E0B2DCCBBB100DD3A53 /* Frameworks */ = {
			isa = PBXFrameworksBuildPhase;
			buildActionMask = 2147483647;
			files = (
				6C9944CE2DD0F2A00016BF5B /* SnapKit in Frameworks */,
				6C9944D12DD0F2AA0016BF5B /* Then in Frameworks */,
			);
			runOnlyForDeploymentPostprocessing = 0;
		};
/* End PBXFrameworksBuildPhase section */

/* Begin PBXGroup section */
		3384D89C2DD4F0B3003D2E1C /* Cell */ = {
			isa = PBXGroup;
			children = (
				3384D83E2DD4DC0B003D2E1C /* SearchTableViewCell.swift */,
				33B010DD2DD67B930081CB8E /* RecentSearchCollectionViewCell.swift */,
				33B010DF2DD67BA50081CB8E /* PopularSearchCollectionViewCell.swift */,
				33B010EA2DD6E8470081CB8E /* FilterCollectionViewCell.swift */,
				33B010E72DD697D60081CB8E /* SortOptionTableViewCell.swift */,
			);
			path = Cell;
			sourceTree = "<group>";
		};
		33B010D52DD658D40081CB8E /* Enum */ = {
			isa = PBXGroup;
			children = (
				33B010DB2DD65D420081CB8E /* DeadlineType.swift */,
				33B010D72DD658F20081CB8E /* RegionType.swift */,
				33B010D92DD65B740081CB8E /* DayType.swift */,
			);
			path = Enum;
			sourceTree = "<group>";
		};
		6C231A0C2DD3B74C00C5F0E8 /* Enum */ = {
			isa = PBXGroup;
			children = (
				6C231A0F2DD3B77B00C5F0E8 /* CategoryType.swift */,
			);
			path = Enum;
			sourceTree = "<group>";
		};
		6C231A122DD3B9DA00C5F0E8 /* Cell */ = {
			isa = PBXGroup;
			children = (
				6C231A132DD3B9F500C5F0E8 /* HeaderCategoryCollectionViewCell.swift */,
				6C3688012DD7078500DE281C /* ClubRankingCell.swift */,
			);
			path = Cell;
			sourceTree = "<group>";
		};
		6C3688072DD7086000DE281C /* Enum */ = {
			isa = PBXGroup;
			children = (
				6C3688062DD7086000DE281C /* ClubHeaderType.swift */,
			);
			path = Enum;
			sourceTree = "<group>";
		};
		6C511E052DCCBBB100DD3A53 = {
			isa = PBXGroup;
			children = (
				6CB65AC02DDB915E00AD9BD1 /* Config.xcconfig */,
				6C511E3D2DCCBC6E00DD3A53 /* 36-COLLABORATION-iOS-CAMPUSPICK */,
				6C511E0F2DCCBBB100DD3A53 /* Products */,
			);
			sourceTree = "<group>";
		};
		6C511E0F2DCCBBB100DD3A53 /* Products */ = {
			isa = PBXGroup;
			children = (
				6C511E0E2DCCBBB100DD3A53 /* 36-COLLABORATION-iOS-CAMPUSPICK.app */,
			);
			name = Products;
			sourceTree = "<group>";
		};
		6C511E3D2DCCBC6E00DD3A53 /* 36-COLLABORATION-iOS-CAMPUSPICK */ = {
			isa = PBXGroup;
			children = (
				6C511E462DCCE36100DD3A53 /* Application */,
				6C511E492DCCE37900DD3A53 /* Global */,
				6C511E4F2DCCE42400DD3A53 /* Network */,
				6C511E512DCCE43C00DD3A53 /* Presentation */,
				6C511E3C2DCCBC6E00DD3A53 /* ViewController.swift */,
			);
			path = "36-COLLABORATION-iOS-CAMPUSPICK";
			sourceTree = "<group>";
		};
		6C511E462DCCE36100DD3A53 /* Application */ = {
			isa = PBXGroup;
			children = (
				6C511E452DCCE36100DD3A53 /* AppDelegate.swift */,
				6C511E3B2DCCBC6E00DD3A53 /* SceneDelegate.swift */,
				6C511E382DCCBC6E00DD3A53 /* Info.plist */,
				6C511E3A2DCCBC6E00DD3A53 /* LaunchScreen.storyboard */,
			);
			path = Application;
			sourceTree = "<group>";
		};
		6C511E492DCCE37900DD3A53 /* Global */ = {
			isa = PBXGroup;
			children = (
				6C511E532DCCE46600DD3A53 /* Components */,
				6C511E4D2DCCE41100DD3A53 /* Extensions */,
				6C511E4B2DCCE3A800DD3A53 /* Resources */,
			);
			path = Global;
			sourceTree = "<group>";
		};
		6C511E4B2DCCE3A800DD3A53 /* Resources */ = {
			isa = PBXGroup;
			children = (
				6C511E552DCCE48400DD3A53 /* Fonts */,
				6C511E372DCCBC6E00DD3A53 /* Assets.xcassets */,
			);
			path = Resources;
			sourceTree = "<group>";
		};
		6C511E4D2DCCE41100DD3A53 /* Extensions */ = {
			isa = PBXGroup;
			children = (
				6C511F282DCCE5D900DD3A53 /* UIView+.swift */,
				6C511F262DCCE5C500DD3A53 /* UITableViewCell+.swift */,
				6C511F242DCCE59500DD3A53 /* UIStackView+.swift */,
				6C511F222DCCE56500DD3A53 /* UICollectionViewCell+.swift */,
				6C9944092DD0ED830016BF5B /* UIFont+.swift */,
				6C9944CA2DD0F1570016BF5B /* NSAttributedString+.swift */,
			);
			path = Extensions;
			sourceTree = "<group>";
		};
		6C511E4F2DCCE42400DD3A53 /* Network */ = {
			isa = PBXGroup;
			children = (
				6CB65AC32DDB92B000AD9BD1 /* Base */,
				6CB65AD52DDBA67400AD9BD1 /* Club */,
			);
			path = Network;
			sourceTree = "<group>";
		};
		6C511E512DCCE43C00DD3A53 /* Presentation */ = {
			isa = PBXGroup;
			children = (
				6C9946612DD0FBEC0016BF5B /* Search */,
				6C9946652DD0FBED0016BF5B /* Club */,
				6C9946692DD0FBEF0016BF5B /* Home */,
			);
			path = Presentation;
			sourceTree = "<group>";
		};
		6C511E532DCCE46600DD3A53 /* Components */ = {
			isa = PBXGroup;
			children = (
				33B010F22DD6FA290081CB8E /* LeftAlignedCollectionViewFlowLayout.swift */,
				6C3688072DD7086000DE281C /* Enum */,
				6C231A092DD39BC600C5F0E8 /* ClubHeaderView.swift */,
			);
			path = Components;
			sourceTree = "<group>";
		};
		6C511E552DCCE48400DD3A53 /* Fonts */ = {
			isa = PBXGroup;
			children = (
				6C9944012DD0EBFE0016BF5B /* Pretendard-Bold.otf */,
				6C9944022DD0EBFE0016BF5B /* Pretendard-Medium.otf */,
				6C9944032DD0EBFE0016BF5B /* Pretendard-Regular.otf */,
				6C9944042DD0EBFE0016BF5B /* Pretendard-SemiBold.otf */,
			);
			path = Fonts;
			sourceTree = "<group>";
		};
		6C99465E2DD0FBEC0016BF5B /* Model */ = {
			isa = PBXGroup;
			children = (
				33B010D52DD658D40081CB8E /* Enum */,
				3384D83C2DD4D88E003D2E1C /* SearchModel.swift */,
			);
			path = Model;
			sourceTree = "<group>";
		};
		6C99465F2DD0FBEC0016BF5B /* View */ = {
			isa = PBXGroup;
			children = (
				337F26B82DDCF4610031DF49 /* ClubSortView.swift */,
				33B010D32DD611820081CB8E /* RecentSearchView.swift */,
				33B010E12DD68FAE0081CB8E /* PopularSearchView.swift */,
				33B010EC2DD6EA790081CB8E /* FilterView.swift */,
				3384D89C2DD4F0B3003D2E1C /* Cell */,
			);
			path = View;
			sourceTree = "<group>";
		};
		6C9946602DD0FBEC0016BF5B /* ViewController */ = {
			isa = PBXGroup;
			children = (
				3384D89A2DD4EAF1003D2E1C /* SearchResultViewController.swift */,
				33B010D12DD60F450081CB8E /* SearchViewController.swift */,
				33B010E32DD6950B0081CB8E /* SearchFilterModalViewController.swift */,
				33B010E52DD696740081CB8E /* SearchSortModalViewController.swift */,
			);
			path = ViewController;
			sourceTree = "<group>";
		};
		6C9946612DD0FBEC0016BF5B /* Search */ = {
			isa = PBXGroup;
			children = (
				6C99465E2DD0FBEC0016BF5B /* Model */,
				6C99465F2DD0FBEC0016BF5B /* View */,
				6C9946602DD0FBEC0016BF5B /* ViewController */,
			);
			path = Search;
			sourceTree = "<group>";
		};
		6C9946622DD0FBED0016BF5B /* Model */ = {
			isa = PBXGroup;
			children = (
				6C231A0C2DD3B74C00C5F0E8 /* Enum */,
				6C3688092DD709A500DE281C /* ClubRankingModel.swift */,
			);
			path = Model;
			sourceTree = "<group>";
		};
		6C9946632DD0FBED0016BF5B /* View */ = {
			isa = PBXGroup;
			children = (
				6C231A122DD3B9DA00C5F0E8 /* Cell */,
				6C231A152DD3CAB900C5F0E8 /* PopularView.swift */,
				6C231A172DD3CDA200C5F0E8 /* RankingView.swift */,
				6C231A192DD3D0A400C5F0E8 /* FindClubView.swift */,
			);
			path = View;
			sourceTree = "<group>";
		};
		6C9946642DD0FBED0016BF5B /* ViewController */ = {
			isa = PBXGroup;
			children = (
				6CD0A8602DD39AAF0063D041 /* ClubViewController.swift */,
			);
			path = ViewController;
			sourceTree = "<group>";
		};
		6C9946652DD0FBED0016BF5B /* Club */ = {
			isa = PBXGroup;
			children = (
				6C9946622DD0FBED0016BF5B /* Model */,
				6C9946632DD0FBED0016BF5B /* View */,
				6C9946642DD0FBED0016BF5B /* ViewController */,
			);
			path = Club;
			sourceTree = "<group>";
		};
		6C9946662DD0FBEF0016BF5B /* Model */ = {
			isa = PBXGroup;
			children = (
			);
			path = Model;
			sourceTree = "<group>";
		};
		6C9946672DD0FBEF0016BF5B /* View */ = {
			isa = PBXGroup;
			children = (
			);
			path = View;
			sourceTree = "<group>";
		};
		6C9946682DD0FBEF0016BF5B /* VIewController */ = {
			isa = PBXGroup;
			children = (
			);
			path = VIewController;
			sourceTree = "<group>";
		};
		6C9946692DD0FBEF0016BF5B /* Home */ = {
			isa = PBXGroup;
			children = (
				6C9946662DD0FBEF0016BF5B /* Model */,
				6C9946672DD0FBEF0016BF5B /* View */,
				6C9946682DD0FBEF0016BF5B /* VIewController */,
			);
			path = Home;
			sourceTree = "<group>";
		};
		6CB65AC32DDB92B000AD9BD1 /* Base */ = {
			isa = PBXGroup;
			children = (
				6CB65AC42DDB92BA00AD9BD1 /* NetworkError.swift */,
				6CB65AC62DDB933100AD9BD1 /* BaseResponseDTO.swift */,
				6CB65AC82DDB93B100AD9BD1 /* ErrorResponseDTO.swift */,
				6CB65ACA2DDB9C6300AD9BD1 /* BaseService.swift */,
				6CB65ACC2DDB9DAB00AD9BD1 /* BaseTargetType.swift */,
				6CB65AD02DDB9F4600AD9BD1 /* NetworkService.swift */,
				6CB65ADA2DDBA79300AD9BD1 /* HTTPMethodType.swift */,
			);
			path = Base;
			sourceTree = "<group>";
		};
		6CB65AD52DDBA67400AD9BD1 /* Club */ = {
			isa = PBXGroup;
			children = (
				6CB65ADE2DDBAECF00AD9BD1 /* Response */,
				6CB65ADF2DDBAED000AD9BD1 /* Request */,
				6CB65AD62DDBA68000AD9BD1 /* ClubAPI.swift */,
				6CB65AD82DDBA68B00AD9BD1 /* ClubService.swift */,
			);
			path = Club;
			sourceTree = "<group>";
		};
		6CB65ADE2DDBAECF00AD9BD1 /* Response */ = {
			isa = PBXGroup;
			children = (
				6CB65AE02DDBAEE000AD9BD1 /* ClubRankingResponseDTO.swift */,
				33B383782DDE142A008A1079 /* SearchClubResponseDTO.swift */,
			);
			path = Response;
			sourceTree = "<group>";
		};
		6CB65ADF2DDBAED000AD9BD1 /* Request */ = {
			isa = PBXGroup;
			children = (
			);
			path = Request;
			sourceTree = "<group>";
		};
/* End PBXGroup section */

/* Begin PBXNativeTarget section */
		6C511E0D2DCCBBB100DD3A53 /* 36-COLLABORATION-iOS-CAMPUSPICK */ = {
			isa = PBXNativeTarget;
			buildConfigurationList = 6C511E212DCCBBB300DD3A53 /* Build configuration list for PBXNativeTarget "36-COLLABORATION-iOS-CAMPUSPICK" */;
			buildPhases = (
				6C511E0A2DCCBBB100DD3A53 /* Sources */,
				6C511E0B2DCCBBB100DD3A53 /* Frameworks */,
				6C511E0C2DCCBBB100DD3A53 /* Resources */,
			);
			buildRules = (
			);
			dependencies = (
			);
			name = "36-COLLABORATION-iOS-CAMPUSPICK";
			packageProductDependencies = (
				6C9944CD2DD0F2A00016BF5B /* SnapKit */,
				6C9944D02DD0F2AA0016BF5B /* Then */,
			);
			productName = "36-COLLABORATION-iOS-CAMPUSPICK";
			productReference = 6C511E0E2DCCBBB100DD3A53 /* 36-COLLABORATION-iOS-CAMPUSPICK.app */;
			productType = "com.apple.product-type.application";
		};
/* End PBXNativeTarget section */

/* Begin PBXProject section */
		6C511E062DCCBBB100DD3A53 /* Project object */ = {
			isa = PBXProject;
			attributes = {
				BuildIndependentTargetsInParallel = 1;
				LastSwiftUpdateCheck = 1630;
				LastUpgradeCheck = 1630;
				TargetAttributes = {
					6C511E0D2DCCBBB100DD3A53 = {
						CreatedOnToolsVersion = 16.3;
					};
				};
			};
			buildConfigurationList = 6C511E092DCCBBB100DD3A53 /* Build configuration list for PBXProject "36-COLLABORATION-iOS-CAMPUSPICK" */;
			developmentRegion = en;
			hasScannedForEncodings = 0;
			knownRegions = (
				en,
				Base,
			);
			mainGroup = 6C511E052DCCBBB100DD3A53;
			minimizedProjectReferenceProxies = 1;
			packageReferences = (
				6C9944CC2DD0F2A00016BF5B /* XCRemoteSwiftPackageReference "SnapKit" */,
				6C9944CF2DD0F2AA0016BF5B /* XCRemoteSwiftPackageReference "Then" */,
			);
			preferredProjectObjectVersion = 77;
			productRefGroup = 6C511E0F2DCCBBB100DD3A53 /* Products */;
			projectDirPath = "";
			projectRoot = "";
			targets = (
				6C511E0D2DCCBBB100DD3A53 /* 36-COLLABORATION-iOS-CAMPUSPICK */,
			);
		};
/* End PBXProject section */

/* Begin PBXResourcesBuildPhase section */
		6C511E0C2DCCBBB100DD3A53 /* Resources */ = {
			isa = PBXResourcesBuildPhase;
			buildActionMask = 2147483647;
			files = (
				6C511E412DCCBC6E00DD3A53 /* Assets.xcassets in Resources */,
				6C511E432DCCBC6E00DD3A53 /* LaunchScreen.storyboard in Resources */,
				6C9944052DD0EBFE0016BF5B /* Pretendard-SemiBold.otf in Resources */,
				6C9944062DD0EBFE0016BF5B /* Pretendard-Medium.otf in Resources */,
				6C9944072DD0EBFE0016BF5B /* Pretendard-Regular.otf in Resources */,
				6CB65AC12DDB915E00AD9BD1 /* Config.xcconfig in Resources */,
				6C9944082DD0EBFE0016BF5B /* Pretendard-Bold.otf in Resources */,
			);
			runOnlyForDeploymentPostprocessing = 0;
		};
/* End PBXResourcesBuildPhase section */

/* Begin PBXSourcesBuildPhase section */
		6C511E0A2DCCBBB100DD3A53 /* Sources */ = {
			isa = PBXSourcesBuildPhase;
			buildActionMask = 2147483647;
			files = (
				6CB65AD72DDBA68000AD9BD1 /* ClubAPI.swift in Sources */,
				6C99440A2DD0ED830016BF5B /* UIFont+.swift in Sources */,
				6CB65AE12DDBAEE000AD9BD1 /* ClubRankingResponseDTO.swift in Sources */,
				33B010E02DD67BB40081CB8E /* PopularSearchCollectionViewCell.swift in Sources */,
				6C231A182DD3CDA200C5F0E8 /* RankingView.swift in Sources */,
				6CB65AD92DDBA68B00AD9BD1 /* ClubService.swift in Sources */,
				6CB65AD12DDB9F4600AD9BD1 /* NetworkService.swift in Sources */,
				6C231A162DD3CAB900C5F0E8 /* PopularView.swift in Sources */,
				33B010E62DD6968E0081CB8E /* SearchSortModalViewController.swift in Sources */,
				6C511F252DCCE59500DD3A53 /* UIStackView+.swift in Sources */,
				3384D83F2DD4DC1B003D2E1C /* SearchTableViewCell.swift in Sources */,
				337F26B92DDCF4780031DF49 /* ClubSortView.swift in Sources */,
				33B010DC2DD65D490081CB8E /* DeadlineType.swift in Sources */,
				6C3688022DD7078500DE281C /* ClubRankingCell.swift in Sources */,
				6C511E472DCCE36100DD3A53 /* AppDelegate.swift in Sources */,
				6C36880A2DD709A500DE281C /* ClubRankingModel.swift in Sources */,
				6C231A102DD3B77B00C5F0E8 /* CategoryType.swift in Sources */,
				33B010E82DD697E40081CB8E /* SortOptionTableViewCell.swift in Sources */,
				3384D83D2DD4D893003D2E1C /* SearchModel.swift in Sources */,
				6C511F292DCCE5D900DD3A53 /* UIView+.swift in Sources */,
				3384D89B2DD4EAFB003D2E1C /* SearchResultViewController.swift in Sources */,
				33B010EB2DD6E8500081CB8E /* FilterCollectionViewCell.swift in Sources */,
				33B010D22DD60F450081CB8E /* SearchViewController.swift in Sources */,
				33B010DE2DD67B9D0081CB8E /* RecentSearchCollectionViewCell.swift in Sources */,
				6C511E3F2DCCBC6E00DD3A53 /* SceneDelegate.swift in Sources */,
				33B010F32DD6FA290081CB8E /* LeftAlignedCollectionViewFlowLayout.swift in Sources */,
				6C231A0A2DD39BC600C5F0E8 /* ClubHeaderView.swift in Sources */,
				33B010D82DD658F80081CB8E /* RegionType.swift in Sources */,
				6C511F272DCCE5C500DD3A53 /* UITableViewCell+.swift in Sources */,
				6C511F232DCCE56500DD3A53 /* UICollectionViewCell+.swift in Sources */,
				6CB65ACB2DDB9C6300AD9BD1 /* BaseService.swift in Sources */,
				6CB65ADB2DDBA79300AD9BD1 /* HTTPMethodType.swift in Sources */,
				33B010E22DD68FB50081CB8E /* PopularSearchView.swift in Sources */,
				33B010E42DD695420081CB8E /* SearchFilterModalViewController.swift in Sources */,
				6C9944CB2DD0F1570016BF5B /* NSAttributedString+.swift in Sources */,
				33B010D42DD656DA0081CB8E /* RecentSearchView.swift in Sources */,
				6C231A142DD3B9F500C5F0E8 /* HeaderCategoryCollectionViewCell.swift in Sources */,
				6CB65AC92DDB93B100AD9BD1 /* ErrorResponseDTO.swift in Sources */,
				6CB65ACD2DDB9DAB00AD9BD1 /* BaseTargetType.swift in Sources */,
				6C231A1A2DD3D0A400C5F0E8 /* FindClubView.swift in Sources */,
				6C3688082DD7086000DE281C /* ClubHeaderType.swift in Sources */,
				6CB65AC52DDB92BA00AD9BD1 /* NetworkError.swift in Sources */,
				6CD0A8612DD39AAF0063D041 /* ClubViewController.swift in Sources */,
				6C511E402DCCBC6E00DD3A53 /* ViewController.swift in Sources */,
				6CB65AC72DDB933100AD9BD1 /* BaseResponseDTO.swift in Sources */,
				33B010ED2DD6EA8A0081CB8E /* FilterView.swift in Sources */,
				33B383792DDE1435008A1079 /* SearchClubResponseDTO.swift in Sources */,
				33B010DA2DD65B7D0081CB8E /* DayType.swift in Sources */,
			);
			runOnlyForDeploymentPostprocessing = 0;
		};
/* End PBXSourcesBuildPhase section */

/* Begin PBXVariantGroup section */
		6C511E3A2DCCBC6E00DD3A53 /* LaunchScreen.storyboard */ = {
			isa = PBXVariantGroup;
			children = (
				6C511E392DCCBC6E00DD3A53 /* Base */,
			);
			name = LaunchScreen.storyboard;
			sourceTree = "<group>";
		};
/* End PBXVariantGroup section */

/* Begin XCBuildConfiguration section */
		6C511E222DCCBBB300DD3A53 /* Debug */ = {
			isa = XCBuildConfiguration;
			baseConfigurationReference = 6CB65AC02DDB915E00AD9BD1 /* Config.xcconfig */;
			buildSettings = {
				ASSETCATALOG_COMPILER_APPICON_NAME = AppIcon;
				ASSETCATALOG_COMPILER_GLOBAL_ACCENT_COLOR_NAME = AccentColor;
				CODE_SIGN_STYLE = Automatic;
				CURRENT_PROJECT_VERSION = 1;
				DEVELOPMENT_TEAM = 3RFJ9FQWHA;
				GENERATE_INFOPLIST_FILE = YES;
				INFOPLIST_FILE = "36-COLLABORATION-iOS-CAMPUSPICK/Application/Info.plist";
				INFOPLIST_KEY_UIApplicationSupportsIndirectInputEvents = YES;
				INFOPLIST_KEY_UILaunchStoryboardName = LaunchScreen;
				INFOPLIST_KEY_UISupportedInterfaceOrientations_iPad = "UIInterfaceOrientationPortrait UIInterfaceOrientationPortraitUpsideDown UIInterfaceOrientationLandscapeLeft UIInterfaceOrientationLandscapeRight";
				INFOPLIST_KEY_UISupportedInterfaceOrientations_iPhone = "UIInterfaceOrientationPortrait UIInterfaceOrientationLandscapeLeft UIInterfaceOrientationLandscapeRight";
				IPHONEOS_DEPLOYMENT_TARGET = 18.1;
				LD_RUNPATH_SEARCH_PATHS = (
					"$(inherited)",
					"@executable_path/Frameworks",
				);
				MARKETING_VERSION = 1.0;
				PRODUCT_BUNDLE_IDENTIFIER = "com.OneTen.-6-COLLABORATION-iOS-CAMPUSPICK";
				PRODUCT_NAME = "$(TARGET_NAME)";
				SWIFT_EMIT_LOC_STRINGS = YES;
				SWIFT_VERSION = 5.0;
				TARGETED_DEVICE_FAMILY = "1,2";
			};
			name = Debug;
		};
		6C511E232DCCBBB300DD3A53 /* Release */ = {
			isa = XCBuildConfiguration;
			baseConfigurationReference = 6CB65AC02DDB915E00AD9BD1 /* Config.xcconfig */;
			buildSettings = {
				ASSETCATALOG_COMPILER_APPICON_NAME = AppIcon;
				ASSETCATALOG_COMPILER_GLOBAL_ACCENT_COLOR_NAME = AccentColor;
				CODE_SIGN_STYLE = Automatic;
				CURRENT_PROJECT_VERSION = 1;
				DEVELOPMENT_TEAM = 3RFJ9FQWHA;
				GENERATE_INFOPLIST_FILE = YES;
				INFOPLIST_FILE = "36-COLLABORATION-iOS-CAMPUSPICK/Application/Info.plist";
				INFOPLIST_KEY_UIApplicationSupportsIndirectInputEvents = YES;
				INFOPLIST_KEY_UILaunchStoryboardName = LaunchScreen;
				INFOPLIST_KEY_UISupportedInterfaceOrientations_iPad = "UIInterfaceOrientationPortrait UIInterfaceOrientationPortraitUpsideDown UIInterfaceOrientationLandscapeLeft UIInterfaceOrientationLandscapeRight";
				INFOPLIST_KEY_UISupportedInterfaceOrientations_iPhone = "UIInterfaceOrientationPortrait UIInterfaceOrientationLandscapeLeft UIInterfaceOrientationLandscapeRight";
				IPHONEOS_DEPLOYMENT_TARGET = 18.1;
				LD_RUNPATH_SEARCH_PATHS = (
					"$(inherited)",
					"@executable_path/Frameworks",
				);
				MARKETING_VERSION = 1.0;
				PRODUCT_BUNDLE_IDENTIFIER = "com.OneTen.-6-COLLABORATION-iOS-CAMPUSPICK";
				PRODUCT_NAME = "$(TARGET_NAME)";
				SWIFT_EMIT_LOC_STRINGS = YES;
				SWIFT_VERSION = 5.0;
				TARGETED_DEVICE_FAMILY = "1,2";
			};
			name = Release;
		};
		6C511E242DCCBBB300DD3A53 /* Debug */ = {
			isa = XCBuildConfiguration;
			baseConfigurationReference = 6CB65AC02DDB915E00AD9BD1 /* Config.xcconfig */;
			buildSettings = {
				ALWAYS_SEARCH_USER_PATHS = NO;
				ASSETCATALOG_COMPILER_GENERATE_SWIFT_ASSET_SYMBOL_EXTENSIONS = YES;
				CLANG_ANALYZER_NONNULL = YES;
				CLANG_ANALYZER_NUMBER_OBJECT_CONVERSION = YES_AGGRESSIVE;
				CLANG_CXX_LANGUAGE_STANDARD = "gnu++20";
				CLANG_ENABLE_MODULES = YES;
				CLANG_ENABLE_OBJC_ARC = YES;
				CLANG_ENABLE_OBJC_WEAK = YES;
				CLANG_WARN_BLOCK_CAPTURE_AUTORELEASING = YES;
				CLANG_WARN_BOOL_CONVERSION = YES;
				CLANG_WARN_COMMA = YES;
				CLANG_WARN_CONSTANT_CONVERSION = YES;
				CLANG_WARN_DEPRECATED_OBJC_IMPLEMENTATIONS = YES;
				CLANG_WARN_DIRECT_OBJC_ISA_USAGE = YES_ERROR;
				CLANG_WARN_DOCUMENTATION_COMMENTS = YES;
				CLANG_WARN_EMPTY_BODY = YES;
				CLANG_WARN_ENUM_CONVERSION = YES;
				CLANG_WARN_INFINITE_RECURSION = YES;
				CLANG_WARN_INT_CONVERSION = YES;
				CLANG_WARN_NON_LITERAL_NULL_CONVERSION = YES;
				CLANG_WARN_OBJC_IMPLICIT_RETAIN_SELF = YES;
				CLANG_WARN_OBJC_LITERAL_CONVERSION = YES;
				CLANG_WARN_OBJC_ROOT_CLASS = YES_ERROR;
				CLANG_WARN_QUOTED_INCLUDE_IN_FRAMEWORK_HEADER = YES;
				CLANG_WARN_RANGE_LOOP_ANALYSIS = YES;
				CLANG_WARN_STRICT_PROTOTYPES = YES;
				CLANG_WARN_SUSPICIOUS_MOVE = YES;
				CLANG_WARN_UNGUARDED_AVAILABILITY = YES_AGGRESSIVE;
				CLANG_WARN_UNREACHABLE_CODE = YES;
				CLANG_WARN__DUPLICATE_METHOD_MATCH = YES;
				COPY_PHASE_STRIP = NO;
				DEBUG_INFORMATION_FORMAT = dwarf;
				DEVELOPMENT_TEAM = 3RFJ9FQWHA;
				ENABLE_STRICT_OBJC_MSGSEND = YES;
				ENABLE_TESTABILITY = YES;
				ENABLE_USER_SCRIPT_SANDBOXING = YES;
				GCC_C_LANGUAGE_STANDARD = gnu17;
				GCC_DYNAMIC_NO_PIC = NO;
				GCC_NO_COMMON_BLOCKS = YES;
				GCC_OPTIMIZATION_LEVEL = 0;
				GCC_PREPROCESSOR_DEFINITIONS = (
					"DEBUG=1",
					"$(inherited)",
				);
				GCC_WARN_64_TO_32_BIT_CONVERSION = YES;
				GCC_WARN_ABOUT_RETURN_TYPE = YES_ERROR;
				GCC_WARN_UNDECLARED_SELECTOR = YES;
				GCC_WARN_UNINITIALIZED_AUTOS = YES_AGGRESSIVE;
				GCC_WARN_UNUSED_FUNCTION = YES;
				GCC_WARN_UNUSED_VARIABLE = YES;
				IPHONEOS_DEPLOYMENT_TARGET = 18.4;
				LOCALIZATION_PREFERS_STRING_CATALOGS = YES;
				MTL_ENABLE_DEBUG_INFO = INCLUDE_SOURCE;
				MTL_FAST_MATH = YES;
				ONLY_ACTIVE_ARCH = YES;
				SDKROOT = iphoneos;
				SWIFT_ACTIVE_COMPILATION_CONDITIONS = "DEBUG $(inherited)";
				SWIFT_OPTIMIZATION_LEVEL = "-Onone";
			};
			name = Debug;
		};
		6C511E252DCCBBB300DD3A53 /* Release */ = {
			isa = XCBuildConfiguration;
			baseConfigurationReference = 6CB65AC02DDB915E00AD9BD1 /* Config.xcconfig */;
			buildSettings = {
				ALWAYS_SEARCH_USER_PATHS = NO;
				ASSETCATALOG_COMPILER_GENERATE_SWIFT_ASSET_SYMBOL_EXTENSIONS = YES;
				CLANG_ANALYZER_NONNULL = YES;
				CLANG_ANALYZER_NUMBER_OBJECT_CONVERSION = YES_AGGRESSIVE;
				CLANG_CXX_LANGUAGE_STANDARD = "gnu++20";
				CLANG_ENABLE_MODULES = YES;
				CLANG_ENABLE_OBJC_ARC = YES;
				CLANG_ENABLE_OBJC_WEAK = YES;
				CLANG_WARN_BLOCK_CAPTURE_AUTORELEASING = YES;
				CLANG_WARN_BOOL_CONVERSION = YES;
				CLANG_WARN_COMMA = YES;
				CLANG_WARN_CONSTANT_CONVERSION = YES;
				CLANG_WARN_DEPRECATED_OBJC_IMPLEMENTATIONS = YES;
				CLANG_WARN_DIRECT_OBJC_ISA_USAGE = YES_ERROR;
				CLANG_WARN_DOCUMENTATION_COMMENTS = YES;
				CLANG_WARN_EMPTY_BODY = YES;
				CLANG_WARN_ENUM_CONVERSION = YES;
				CLANG_WARN_INFINITE_RECURSION = YES;
				CLANG_WARN_INT_CONVERSION = YES;
				CLANG_WARN_NON_LITERAL_NULL_CONVERSION = YES;
				CLANG_WARN_OBJC_IMPLICIT_RETAIN_SELF = YES;
				CLANG_WARN_OBJC_LITERAL_CONVERSION = YES;
				CLANG_WARN_OBJC_ROOT_CLASS = YES_ERROR;
				CLANG_WARN_QUOTED_INCLUDE_IN_FRAMEWORK_HEADER = YES;
				CLANG_WARN_RANGE_LOOP_ANALYSIS = YES;
				CLANG_WARN_STRICT_PROTOTYPES = YES;
				CLANG_WARN_SUSPICIOUS_MOVE = YES;
				CLANG_WARN_UNGUARDED_AVAILABILITY = YES_AGGRESSIVE;
				CLANG_WARN_UNREACHABLE_CODE = YES;
				CLANG_WARN__DUPLICATE_METHOD_MATCH = YES;
				COPY_PHASE_STRIP = NO;
				DEBUG_INFORMATION_FORMAT = "dwarf-with-dsym";
				DEVELOPMENT_TEAM = 3RFJ9FQWHA;
				ENABLE_NS_ASSERTIONS = NO;
				ENABLE_STRICT_OBJC_MSGSEND = YES;
				ENABLE_USER_SCRIPT_SANDBOXING = YES;
				GCC_C_LANGUAGE_STANDARD = gnu17;
				GCC_NO_COMMON_BLOCKS = YES;
				GCC_WARN_64_TO_32_BIT_CONVERSION = YES;
				GCC_WARN_ABOUT_RETURN_TYPE = YES_ERROR;
				GCC_WARN_UNDECLARED_SELECTOR = YES;
				GCC_WARN_UNINITIALIZED_AUTOS = YES_AGGRESSIVE;
				GCC_WARN_UNUSED_FUNCTION = YES;
				GCC_WARN_UNUSED_VARIABLE = YES;
				IPHONEOS_DEPLOYMENT_TARGET = 18.4;
				LOCALIZATION_PREFERS_STRING_CATALOGS = YES;
				MTL_ENABLE_DEBUG_INFO = NO;
				MTL_FAST_MATH = YES;
				SDKROOT = iphoneos;
				SWIFT_COMPILATION_MODE = wholemodule;
				VALIDATE_PRODUCT = YES;
			};
			name = Release;
		};
/* End XCBuildConfiguration section */

/* Begin XCConfigurationList section */
		6C511E092DCCBBB100DD3A53 /* Build configuration list for PBXProject "36-COLLABORATION-iOS-CAMPUSPICK" */ = {
			isa = XCConfigurationList;
			buildConfigurations = (
				6C511E242DCCBBB300DD3A53 /* Debug */,
				6C511E252DCCBBB300DD3A53 /* Release */,
			);
			defaultConfigurationIsVisible = 0;
			defaultConfigurationName = Release;
		};
		6C511E212DCCBBB300DD3A53 /* Build configuration list for PBXNativeTarget "36-COLLABORATION-iOS-CAMPUSPICK" */ = {
			isa = XCConfigurationList;
			buildConfigurations = (
				6C511E222DCCBBB300DD3A53 /* Debug */,
				6C511E232DCCBBB300DD3A53 /* Release */,
			);
			defaultConfigurationIsVisible = 0;
			defaultConfigurationName = Release;
		};
/* End XCConfigurationList section */

/* Begin XCRemoteSwiftPackageReference section */
		6C9944CC2DD0F2A00016BF5B /* XCRemoteSwiftPackageReference "SnapKit" */ = {
			isa = XCRemoteSwiftPackageReference;
			repositoryURL = "https://github.com/SnapKit/SnapKit.git";
			requirement = {
				kind = upToNextMajorVersion;
				minimumVersion = 5.7.1;
			};
		};
		6C9944CF2DD0F2AA0016BF5B /* XCRemoteSwiftPackageReference "Then" */ = {
			isa = XCRemoteSwiftPackageReference;
			repositoryURL = "https://github.com/devxoul/Then.git";
			requirement = {
				kind = upToNextMajorVersion;
				minimumVersion = 3.0.0;
			};
		};
/* End XCRemoteSwiftPackageReference section */

/* Begin XCSwiftPackageProductDependency section */
		6C9944CD2DD0F2A00016BF5B /* SnapKit */ = {
			isa = XCSwiftPackageProductDependency;
			package = 6C9944CC2DD0F2A00016BF5B /* XCRemoteSwiftPackageReference "SnapKit" */;
			productName = SnapKit;
		};
		6C9944D02DD0F2AA0016BF5B /* Then */ = {
			isa = XCSwiftPackageProductDependency;
			package = 6C9944CF2DD0F2AA0016BF5B /* XCRemoteSwiftPackageReference "Then" */;
			productName = Then;
		};
/* End XCSwiftPackageProductDependency section */
	};
	rootObject = 6C511E062DCCBBB100DD3A53 /* Project object */;
}
